Microsoft Visual Studio Solution File, Format Version 12.00
# Visual Studio Version 17
VisualStudioVersion = 17.5.2.0
MinimumVisualStudioVersion = 10.0.40219.1
Project("{FAE04EC0-301F-11D3-BF4B-00C04F79EFBC}") = "HKMod", "HKMod.csproj", "{39A8EA57-6856-76B4-3D2E-6F3662C5DC6B}"
EndProject
Global
	GlobalSection(SolutionConfigurationPlatforms) = preSolution
		Debug|Any CPU = Debug|Any CPU
		Release|Any CPU = Release|Any CPU
	EndGlobalSection
	GlobalSection(ProjectConfigurationPlatforms) = postSolution
		{39A8EA57-6856-76B4-3D2E-6F3662C5DC6B}.Debug|Any CPU.ActiveCfg = Debug|Any CPU
		{39A8EA57-6856-76B4-3D2E-6F3662C5DC6B}.Debug|Any CPU.Build.0 = Debug|Any CPU
		{39A8EA57-6856-76B4-3D2E-6F3662C5DC6B}.Release|Any CPU.ActiveCfg = Release|Any CPU
		{39A8EA57-6856-76B4-3D2E-6F3662C5DC6B}.Release|Any CPU.Build.0 = Release|Any CPU
	EndGlobalSection
	GlobalSection(SolutionProperties) = preSolution
		HideSolutionNode = FALSE
	EndGlobalSection
	GlobalSection(ExtensibilityGlobals) = postSolution
		SolutionGuid = {D851A761-EBDE-4982-8670-FE2996B0C0CC}
	EndGlobalSection
EndGlobal
